Microsoft Visual Studio Solution File, Format Version 12.00
# Visual Studio Version 17
VisualStudioVersion = 17.1.32407.343
MinimumVisualStudioVersion = 10.0.40219.1
Project("{2150E333-8FDC-42A3-9474-1A3956D46DE8}") = "Solution Items", "Solution Items", "{304AAB49-EF9B-4B22-8957-2B3FD8113F10}"
	ProjectSection(SolutionItems) = preProject
		.gitignore = .gitignore
		.gitmodules = .gitmodules
		dnn\build.cmd = dnn\build.cmd
		build.cmd = build.cmd
		dnn\build.sh = dnn\build.sh
		dnn\CMakeLists.txt = dnn\CMakeLists.txt
		Directory.Build.props = Directory.Build.props
		ScriptsDialog\ScriptsDialog\global.json = ScriptsDialog\ScriptsDialog\global.json
		README.md = README.md
	EndProjectSection
EndProject
Project("{9A19103F-16F7-4668-BE54-9A1E7A4F7556}") = "Convnet", "Convnet\Convnet.csproj", "{40182BB0-5B98-4929-8E16-A55BE0FB5CF3}"
EndProject
Project("{9A19103F-16F7-4668-BE54-9A1E7A4F7556}") = "Scripts", "Scripts\Scripts.csproj", "{B6F8452A-4C8F-4356-8C0E-16C57B76CAF6}"
EndProject
Project("{8BC9CEB8-8B4A-11D0-8D11-00A0C91BC942}") = "dnn", "dnn\build\dnn.vcxproj", "{7E97B745-2776-318C-A808-8F3B74C44703}"
EndProject
Project("{8BC9CEB8-8B4A-11D0-8D11-00A0C91BC942}") = "test", "dnn\build\test.vcxproj", "{EC8ABCDC-495A-3662-8319-4E4921F4C7FA}"
EndProject
Project("{8BC9CEB8-8B4A-11D0-8D11-00A0C91BC942}") = "dnnl", "dnn\build\deps\oneDNN\src\dnnl.vcxproj", "{DC0F1B2F-E839-325C-AA75-6BCC4BBA1268}"
EndProject
Project("{8BC9CEB8-8B4A-11D0-8D11-00A0C91BC942}") = "jpeg-static", "dnn\build\deps\libjpeg-turbo\jpeg-static.vcxproj", "{C4AA5300-7D2F-33A4-854C-ABEC29A9B49B}"
EndProject
Project("{8BC9CEB8-8B4A-11D0-8D11-00A0C91BC942}") = "png_static", "dnn\build\deps\libpng\png_static.vcxproj", "{6AB20A9B-5587-3002-A7B5-78586B009482}"
EndProject
Project("{8BC9CEB8-8B4A-11D0-8D11-00A0C91BC942}") = "vectorclass", "dnn\build\deps\version2\vectorclass.vcxproj", "{FA66AE89-5553-32E2-8076-FFF880B1FD1B}"
EndProject
Project("{8BC9CEB8-8B4A-11D0-8D11-00A0C91BC942}") = "zlibstatic", "dnn\build\deps\zlib\zlibstatic.vcxproj", "{A3E2C3B6-22F8-32F2-8441-3600FB4D6D5C}"
EndProject
Project("{8BC9CEB8-8B4A-11D0-8D11-00A0C91BC942}") = "dnnl_cpu_x64", "dnn\build\deps\oneDNN\src\cpu\x64\dnnl_cpu_x64.vcxproj", "{2677630D-CB7D-35A5-B094-FA1F301E5288}"
EndProject
Project("{8BC9CEB8-8B4A-11D0-8D11-00A0C91BC942}") = "dnnl_cpu", "dnn\build\deps\oneDNN\src\cpu\dnnl_cpu.vcxproj", "{D1C9C7BF-9A29-31DD-87E9-EEB2AFE5291F}"
EndProject
Project("{8BC9CEB8-8B4A-11D0-8D11-00A0C91BC942}") = "dnnl_common", "dnn\build\deps\oneDNN\src\common\dnnl_common.vcxproj", "{A7EDF693-4C19-32DD-B5CF-F1797B9E5E21}"
EndProject
Project("{8BC9CEB8-8B4A-11D0-8D11-00A0C91BC942}") = "dnnl_graph_backend_dnnl", "dnn\build\deps\oneDNN\src\graph\backend\dnnl\dnnl_graph_backend_dnnl.vcxproj", "{89F0EEF7-1651-31FB-AF43-5B511C77030C}"
EndProject
Project("{8BC9CEB8-8B4A-11D0-8D11-00A0C91BC942}") = "dnnl_graph_backend_fake", "dnn\build\deps\oneDNN\src\graph\backend\fake\dnnl_graph_backend_fake.vcxproj", "{30F9E33A-878A-3157-A719-0FD22C343466}"
EndProject
Project("{8BC9CEB8-8B4A-11D0-8D11-00A0C91BC942}") = "dnnl_graph_interface", "dnn\build\deps\oneDNN\src\graph\interface\dnnl_graph_interface.vcxproj", "{D53A250D-F8C9-3408-9715-F7B7467909CB}"
EndProject
Project("{8BC9CEB8-8B4A-11D0-8D11-00A0C91BC942}") = "dnnl_graph_utils", "dnn\build\deps\oneDNN\src\graph\utils\dnnl_graph_utils.vcxproj", "{23844F44-6B14-3A2D-83B4-2AB46D090BBD}"
EndProject
Project("{8BC9CEB8-8B4A-11D0-8D11-00A0C91BC942}") = "png_genfiles", "dnn\build\deps\libpng\png_genfiles.vcxproj", "{6A0469EE-3100-31E4-9C90-35DADA26038D}"
EndProject
Project("{8BC9CEB8-8B4A-11D0-8D11-00A0C91BC942}") = "simd", "dnn\build\deps\libjpeg-turbo\simd\simd.vcxproj", "{EAC1EE3F-B131-3F69-87E5-29CDCDCB1D84}"
EndProject
Project("{8BC9CEB8-8B4A-11D0-8D11-00A0C91BC942}") = "simd-objs", "dnn\build\deps\libjpeg-turbo\simd\simd-objs.vcxproj", "{156F53AF-3DF2-3D08-85DA-9F827F2AFC32}"
EndProject
Project("{8BC9CEB8-8B4A-11D0-8D11-00A0C91BC942}") = "ZERO_CHECK", "dnn\build\ZERO_CHECK.vcxproj", "{916FECB8-76F6-3045-B4E5-B7A441D4389F}"
EndProject
Project("{8BC9CEB8-8B4A-11D0-8D11-00A0C91BC942}") = "mimalloc-static", "dnn\build\deps\mimalloc\mimalloc-static.vcxproj", "{ACB1838E-5C8D-3E6C-AB97-9B7AAF81DAC7}"
EndProject
Global
	GlobalSection(SolutionConfigurationPlatforms) = preSolution
		Debug|x64 = Debug|x64
		MinSizeRel|x64 = MinSizeRel|x64
		Release|x64 = Release|x64
		RelWithDebInfo|x64 = RelWithDebInfo|x64
	EndGlobalSection
	GlobalSection(ProjectConfigurationPlatforms) = postSolution
		{40182BB0-5B98-4929-8E16-A55BE0FB5CF3}.Debug|x64.ActiveCfg = Debug|x64
		{40182BB0-5B98-4929-8E16-A55BE0FB5CF3}.Debug|x64.Build.0 = Debug|x64
		{40182BB0-5B98-4929-8E16-A55BE0FB5CF3}.MinSizeRel|x64.ActiveCfg = Release|x64
		{40182BB0-5B98-4929-8E16-A55BE0FB5CF3}.MinSizeRel|x64.Build.0 = Release|x64
		{40182BB0-5B98-4929-8E16-A55BE0FB5CF3}.Release|x64.ActiveCfg = Release|x64
		{40182BB0-5B98-4929-8E16-A55BE0FB5CF3}.Release|x64.Build.0 = Release|x64
		{40182BB0-5B98-4929-8E16-A55BE0FB5CF3}.RelWithDebInfo|x64.ActiveCfg = Release|x64
		{40182BB0-5B98-4929-8E16-A55BE0FB5CF3}.RelWithDebInfo|x64.Build.0 = Release|x64
		{B6F8452A-4C8F-4356-8C0E-16C57B76CAF6}.Debug|x64.ActiveCfg = Debug|x64
		{B6F8452A-4C8F-4356-8C0E-16C57B76CAF6}.Debug|x64.Build.0 = Debug|x64
		{B6F8452A-4C8F-4356-8C0E-16C57B76CAF6}.MinSizeRel|x64.ActiveCfg = Release|x64
		{B6F8452A-4C8F-4356-8C0E-16C57B76CAF6}.MinSizeRel|x64.Build.0 = Release|x64
		{B6F8452A-4C8F-4356-8C0E-16C57B76CAF6}.Release|x64.ActiveCfg = Release|x64
		{B6F8452A-4C8F-4356-8C0E-16C57B76CAF6}.Release|x64.Build.0 = Release|x64
		{B6F8452A-4C8F-4356-8C0E-16C57B76CAF6}.RelWithDebInfo|x64.ActiveCfg = Release|x64
		{B6F8452A-4C8F-4356-8C0E-16C57B76CAF6}.RelWithDebInfo|x64.Build.0 = Release|x64
		{7E97B745-2776-318C-A808-8F3B74C44703}.Debug|x64.ActiveCfg = Debug|x64
		{7E97B745-2776-318C-A808-8F3B74C44703}.Debug|x64.Build.0 = Debug|x64
		{7E97B745-2776-318C-A808-8F3B74C44703}.MinSizeRel|x64.ActiveCfg = MinSizeRel|x64
		{7E97B745-2776-318C-A808-8F3B74C44703}.MinSizeRel|x64.Build.0 = MinSizeRel|x64
		{7E97B745-2776-318C-A808-8F3B74C44703}.Release|x64.ActiveCfg = Release|x64
		{7E97B745-2776-318C-A808-8F3B74C44703}.Release|x64.Build.0 = Release|x64
		{7E97B745-2776-318C-A808-8F3B74C44703}.RelWithDebInfo|x64.ActiveCfg = RelWithDebInfo|x64
		{7E97B745-2776-318C-A808-8F3B74C44703}.RelWithDebInfo|x64.Build.0 = RelWithDebInfo|x64
		{EC8ABCDC-495A-3662-8319-4E4921F4C7FA}.Debug|x64.ActiveCfg = Debug|x64
		{EC8ABCDC-495A-3662-8319-4E4921F4C7FA}.Debug|x64.Build.0 = Debug|x64
		{EC8ABCDC-495A-3662-8319-4E4921F4C7FA}.MinSizeRel|x64.ActiveCfg = MinSizeRel|x64
		{EC8ABCDC-495A-3662-8319-4E4921F4C7FA}.MinSizeRel|x64.Build.0 = MinSizeRel|x64
		{EC8ABCDC-495A-3662-8319-4E4921F4C7FA}.Release|x64.ActiveCfg = Release|x64
		{EC8ABCDC-495A-3662-8319-4E4921F4C7FA}.Release|x64.Build.0 = Release|x64
		{EC8ABCDC-495A-3662-8319-4E4921F4C7FA}.RelWithDebInfo|x64.ActiveCfg = RelWithDebInfo|x64
		{EC8ABCDC-495A-3662-8319-4E4921F4C7FA}.RelWithDebInfo|x64.Build.0 = RelWithDebInfo|x64
		{DC0F1B2F-E839-325C-AA75-6BCC4BBA1268}.Debug|x64.ActiveCfg = Debug|x64
		{DC0F1B2F-E839-325C-AA75-6BCC4BBA1268}.Debug|x64.Build.0 = Debug|x64
		{DC0F1B2F-E839-325C-AA75-6BCC4BBA1268}.MinSizeRel|x64.ActiveCfg = MinSizeRel|x64
		{DC0F1B2F-E839-325C-AA75-6BCC4BBA1268}.MinSizeRel|x64.Build.0 = MinSizeRel|x64
		{DC0F1B2F-E839-325C-AA75-6BCC4BBA1268}.Release|x64.ActiveCfg = Release|x64
		{DC0F1B2F-E839-325C-AA75-6BCC4BBA1268}.Release|x64.Build.0 = Release|x64
		{DC0F1B2F-E839-325C-AA75-6BCC4BBA1268}.RelWithDebInfo|x64.ActiveCfg = RelWithDebInfo|x64
		{DC0F1B2F-E839-325C-AA75-6BCC4BBA1268}.RelWithDebInfo|x64.Build.0 = RelWithDebInfo|x64
		{C4AA5300-7D2F-33A4-854C-ABEC29A9B49B}.Debug|x64.ActiveCfg = Debug|x64
		{C4AA5300-7D2F-33A4-854C-ABEC29A9B49B}.Debug|x64.Build.0 = Debug|x64
		{C4AA5300-7D2F-33A4-854C-ABEC29A9B49B}.MinSizeRel|x64.ActiveCfg = MinSizeRel|x64
		{C4AA5300-7D2F-33A4-854C-ABEC29A9B49B}.MinSizeRel|x64.Build.0 = MinSizeRel|x64
		{C4AA5300-7D2F-33A4-854C-ABEC29A9B49B}.Release|x64.ActiveCfg = Release|x64
		{C4AA5300-7D2F-33A4-854C-ABEC29A9B49B}.Release|x64.Build.0 = Release|x64
		{C4AA5300-7D2F-33A4-854C-ABEC29A9B49B}.RelWithDebInfo|x64.ActiveCfg = RelWithDebInfo|x64
		{C4AA5300-7D2F-33A4-854C-ABEC29A9B49B}.RelWithDebInfo|x64.Build.0 = RelWithDebInfo|x64
		{6AB20A9B-5587-3002-A7B5-78586B009482}.Debug|x64.ActiveCfg = Debug|x64
		{6AB20A9B-5587-3002-A7B5-78586B009482}.Debug|x64.Build.0 = Debug|x64
		{6AB20A9B-5587-3002-A7B5-78586B009482}.MinSizeRel|x64.ActiveCfg = MinSizeRel|x64
		{6AB20A9B-5587-3002-A7B5-78586B009482}.MinSizeRel|x64.Build.0 = MinSizeRel|x64
		{6AB20A9B-5587-3002-A7B5-78586B009482}.Release|x64.ActiveCfg = Release|x64
		{6AB20A9B-5587-3002-A7B5-78586B009482}.Release|x64.Build.0 = Release|x64
		{6AB20A9B-5587-3002-A7B5-78586B009482}.RelWithDebInfo|x64.ActiveCfg = RelWithDebInfo|x64
		{6AB20A9B-5587-3002-A7B5-78586B009482}.RelWithDebInfo|x64.Build.0 = RelWithDebInfo|x64
		{FA66AE89-5553-32E2-8076-FFF880B1FD1B}.Debug|x64.ActiveCfg = Debug|x64
		{FA66AE89-5553-32E2-8076-FFF880B1FD1B}.Debug|x64.Build.0 = Debug|x64
		{FA66AE89-5553-32E2-8076-FFF880B1FD1B}.MinSizeRel|x64.ActiveCfg = MinSizeRel|x64
		{FA66AE89-5553-32E2-8076-FFF880B1FD1B}.MinSizeRel|x64.Build.0 = MinSizeRel|x64
		{FA66AE89-5553-32E2-8076-FFF880B1FD1B}.Release|x64.ActiveCfg = Release|x64
		{FA66AE89-5553-32E2-8076-FFF880B1FD1B}.Release|x64.Build.0 = Release|x64
		{FA66AE89-5553-32E2-8076-FFF880B1FD1B}.RelWithDebInfo|x64.ActiveCfg = RelWithDebInfo|x64
		{FA66AE89-5553-32E2-8076-FFF880B1FD1B}.RelWithDebInfo|x64.Build.0 = RelWithDebInfo|x64
		{A3E2C3B6-22F8-32F2-8441-3600FB4D6D5C}.Debug|x64.ActiveCfg = Debug|x64
		{A3E2C3B6-22F8-32F2-8441-3600FB4D6D5C}.Debug|x64.Build.0 = Debug|x64
		{A3E2C3B6-22F8-32F2-8441-3600FB4D6D5C}.MinSizeRel|x64.ActiveCfg = MinSizeRel|x64
		{A3E2C3B6-22F8-32F2-8441-3600FB4D6D5C}.MinSizeRel|x64.Build.0 = MinSizeRel|x64
		{A3E2C3B6-22F8-32F2-8441-3600FB4D6D5C}.Release|x64.ActiveCfg = Release|x64
		{A3E2C3B6-22F8-32F2-8441-3600FB4D6D5C}.Release|x64.Build.0 = Release|x64
		{A3E2C3B6-22F8-32F2-8441-3600FB4D6D5C}.RelWithDebInfo|x64.ActiveCfg = RelWithDebInfo|x64
		{A3E2C3B6-22F8-32F2-8441-3600FB4D6D5C}.RelWithDebInfo|x64.Build.0 = RelWithDebInfo|x64
		{2677630D-CB7D-35A5-B094-FA1F301E5288}.Debug|x64.ActiveCfg = Debug|x64
		{2677630D-CB7D-35A5-B094-FA1F301E5288}.Debug|x64.Build.0 = Debug|x64
		{2677630D-CB7D-35A5-B094-FA1F301E5288}.MinSizeRel|x64.ActiveCfg = MinSizeRel|x64
		{2677630D-CB7D-35A5-B094-FA1F301E5288}.MinSizeRel|x64.Build.0 = MinSizeRel|x64
		{2677630D-CB7D-35A5-B094-FA1F301E5288}.Release|x64.ActiveCfg = Release|x64
		{2677630D-CB7D-35A5-B094-FA1F301E5288}.Release|x64.Build.0 = Release|x64
		{2677630D-CB7D-35A5-B094-FA1F301E5288}.RelWithDebInfo|x64.ActiveCfg = RelWithDebInfo|x64
		{2677630D-CB7D-35A5-B094-FA1F301E5288}.RelWithDebInfo|x64.Build.0 = RelWithDebInfo|x64
		{D1C9C7BF-9A29-31DD-87E9-EEB2AFE5291F}.Debug|x64.ActiveCfg = Debug|x64
		{D1C9C7BF-9A29-31DD-87E9-EEB2AFE5291F}.Debug|x64.Build.0 = Debug|x64
		{D1C9C7BF-9A29-31DD-87E9-EEB2AFE5291F}.MinSizeRel|x64.ActiveCfg = MinSizeRel|x64
		{D1C9C7BF-9A29-31DD-87E9-EEB2AFE5291F}.MinSizeRel|x64.Build.0 = MinSizeRel|x64
		{D1C9C7BF-9A29-31DD-87E9-EEB2AFE5291F}.Release|x64.ActiveCfg = Release|x64
		{D1C9C7BF-9A29-31DD-87E9-EEB2AFE5291F}.Release|x64.Build.0 = Release|x64
		{D1C9C7BF-9A29-31DD-87E9-EEB2AFE5291F}.RelWithDebInfo|x64.ActiveCfg = RelWithDebInfo|x64
		{D1C9C7BF-9A29-31DD-87E9-EEB2AFE5291F}.RelWithDebInfo|x64.Build.0 = RelWithDebInfo|x64
		{A7EDF693-4C19-32DD-B5CF-F1797B9E5E21}.Debug|x64.ActiveCfg = Debug|x64
		{A7EDF693-4C19-32DD-B5CF-F1797B9E5E21}.Debug|x64.Build.0 = Debug|x64
		{A7EDF693-4C19-32DD-B5CF-F1797B9E5E21}.MinSizeRel|x64.ActiveCfg = MinSizeRel|x64
		{A7EDF693-4C19-32DD-B5CF-F1797B9E5E21}.MinSizeRel|x64.Build.0 = MinSizeRel|x64
		{A7EDF693-4C19-32DD-B5CF-F1797B9E5E21}.Release|x64.ActiveCfg = Debug|x64
		{A7EDF693-4C19-32DD-B5CF-F1797B9E5E21}.Release|x64.Build.0 = Debug|x64
		{A7EDF693-4C19-32DD-B5CF-F1797B9E5E21}.RelWithDebInfo|x64.ActiveCfg = RelWithDebInfo|x64
		{A7EDF693-4C19-32DD-B5CF-F1797B9E5E21}.RelWithDebInfo|x64.Build.0 = RelWithDebInfo|x64
		{89F0EEF7-1651-31FB-AF43-5B511C77030C}.Debug|x64.ActiveCfg = Debug|x64
		{89F0EEF7-1651-31FB-AF43-5B511C77030C}.Debug|x64.Build.0 = Debug|x64
		{89F0EEF7-1651-31FB-AF43-5B511C77030C}.MinSizeRel|x64.ActiveCfg = MinSizeRel|x64
		{89F0EEF7-1651-31FB-AF43-5B511C77030C}.MinSizeRel|x64.Build.0 = MinSizeRel|x64
		{89F0EEF7-1651-31FB-AF43-5B511C77030C}.Release|x64.ActiveCfg = Release|x64
		{89F0EEF7-1651-31FB-AF43-5B511C77030C}.Release|x64.Build.0 = Release|x64
		{89F0EEF7-1651-31FB-AF43-5B511C77030C}.RelWithDebInfo|x64.ActiveCfg = RelWithDebInfo|x64
		{89F0EEF7-1651-31FB-AF43-5B511C77030C}.RelWithDebInfo|x64.Build.0 = RelWithDebInfo|x64
		{30F9E33A-878A-3157-A719-0FD22C343466}.Debug|x64.ActiveCfg = Debug|x64
		{30F9E33A-878A-3157-A719-0FD22C343466}.Debug|x64.Build.0 = Debug|x64
		{30F9E33A-878A-3157-A719-0FD22C343466}.MinSizeRel|x64.ActiveCfg = MinSizeRel|x64
		{30F9E33A-878A-3157-A719-0FD22C343466}.MinSizeRel|x64.Build.0 = MinSizeRel|x64
		{30F9E33A-878A-3157-A719-0FD22C343466}.Release|x64.ActiveCfg = Release|x64
		{30F9E33A-878A-3157-A719-0FD22C343466}.Release|x64.Build.0 = Release|x64
		{30F9E33A-878A-3157-A719-0FD22C343466}.RelWithDebInfo|x64.ActiveCfg = RelWithDebInfo|x64
		{30F9E33A-878A-3157-A719-0FD22C343466}.RelWithDebInfo|x64.Build.0 = RelWithDebInfo|x64
		{D53A250D-F8C9-3408-9715-F7B7467909CB}.Debug|x64.ActiveCfg = Debug|x64
		{D53A250D-F8C9-3408-9715-F7B7467909CB}.Debug|x64.Build.0 = Debug|x64
		{D53A250D-F8C9-3408-9715-F7B7467909CB}.MinSizeRel|x64.ActiveCfg = MinSizeRel|x64
		{D53A250D-F8C9-3408-9715-F7B7467909CB}.MinSizeRel|x64.Build.0 = MinSizeRel|x64
		{D53A250D-F8C9-3408-9715-F7B7467909CB}.Release|x64.ActiveCfg = Release|x64
		{D53A250D-F8C9-3408-9715-F7B7467909CB}.Release|x64.Build.0 = Release|x64
		{D53A250D-F8C9-3408-9715-F7B7467909CB}.RelWithDebInfo|x64.ActiveCfg = RelWithDebInfo|x64
		{D53A250D-F8C9-3408-9715-F7B7467909CB}.RelWithDebInfo|x64.Build.0 = RelWithDebInfo|x64
		{23844F44-6B14-3A2D-83B4-2AB46D090BBD}.Debug|x64.ActiveCfg = Debug|x64
		{23844F44-6B14-3A2D-83B4-2AB46D090BBD}.Debug|x64.Build.0 = Debug|x64
		{23844F44-6B14-3A2D-83B4-2AB46D090BBD}.MinSizeRel|x64.ActiveCfg = MinSizeRel|x64
		{23844F44-6B14-3A2D-83B4-2AB46D090BBD}.MinSizeRel|x64.Build.0 = MinSizeRel|x64
		{23844F44-6B14-3A2D-83B4-2AB46D090BBD}.Release|x64.ActiveCfg = Release|x64
		{23844F44-6B14-3A2D-83B4-2AB46D090BBD}.Release|x64.Build.0 = Release|x64
		{23844F44-6B14-3A2D-83B4-2AB46D090BBD}.RelWithDebInfo|x64.ActiveCfg = RelWithDebInfo|x64
		{23844F44-6B14-3A2D-83B4-2AB46D090BBD}.RelWithDebInfo|x64.Build.0 = RelWithDebInfo|x64
		{6A0469EE-3100-31E4-9C90-35DADA26038D}.Debug|x64.ActiveCfg = Debug|x64
		{6A0469EE-3100-31E4-9C90-35DADA26038D}.Debug|x64.Build.0 = Debug|x64
		{6A0469EE-3100-31E4-9C90-35DADA26038D}.MinSizeRel|x64.ActiveCfg = MinSizeRel|x64
		{6A0469EE-3100-31E4-9C90-35DADA26038D}.MinSizeRel|x64.Build.0 = MinSizeRel|x64
		{6A0469EE-3100-31E4-9C90-35DADA26038D}.Release|x64.ActiveCfg = Release|x64
		{6A0469EE-3100-31E4-9C90-35DADA26038D}.Release|x64.Build.0 = Release|x64
		{6A0469EE-3100-31E4-9C90-35DADA26038D}.RelWithDebInfo|x64.ActiveCfg = RelWithDebInfo|x64
		{6A0469EE-3100-31E4-9C90-35DADA26038D}.RelWithDebInfo|x64.Build.0 = RelWithDebInfo|x64
		{EAC1EE3F-B131-3F69-87E5-29CDCDCB1D84}.Debug|x64.ActiveCfg = Debug|x64
		{EAC1EE3F-B131-3F69-87E5-29CDCDCB1D84}.Debug|x64.Build.0 = Debug|x64
		{EAC1EE3F-B131-3F69-87E5-29CDCDCB1D84}.MinSizeRel|x64.ActiveCfg = MinSizeRel|x64
		{EAC1EE3F-B131-3F69-87E5-29CDCDCB1D84}.MinSizeRel|x64.Build.0 = MinSizeRel|x64
		{EAC1EE3F-B131-3F69-87E5-29CDCDCB1D84}.Release|x64.ActiveCfg = Release|x64
		{EAC1EE3F-B131-3F69-87E5-29CDCDCB1D84}.Release|x64.Build.0 = Release|x64
		{EAC1EE3F-B131-3F69-87E5-29CDCDCB1D84}.RelWithDebInfo|x64.ActiveCfg = RelWithDebInfo|x64
		{EAC1EE3F-B131-3F69-87E5-29CDCDCB1D84}.RelWithDebInfo|x64.Build.0 = RelWithDebInfo|x64
		{156F53AF-3DF2-3D08-85DA-9F827F2AFC32}.Debug|x64.ActiveCfg = Debug|x64
		{156F53AF-3DF2-3D08-85DA-9F827F2AFC32}.Debug|x64.Build.0 = Debug|x64
		{156F53AF-3DF2-3D08-85DA-9F827F2AFC32}.MinSizeRel|x64.ActiveCfg = MinSizeRel|x64
		{156F53AF-3DF2-3D08-85DA-9F827F2AFC32}.MinSizeRel|x64.Build.0 = MinSizeRel|x64
		{156F53AF-3DF2-3D08-85DA-9F827F2AFC32}.Release|x64.ActiveCfg = Release|x64
		{156F53AF-3DF2-3D08-85DA-9F827F2AFC32}.Release|x64.Build.0 = Release|x64
		{156F53AF-3DF2-3D08-85DA-9F827F2AFC32}.RelWithDebInfo|x64.ActiveCfg = RelWithDebInfo|x64
		{156F53AF-3DF2-3D08-85DA-9F827F2AFC32}.RelWithDebInfo|x64.Build.0 = RelWithDebInfo|x64
		{916FECB8-76F6-3045-B4E5-B7A441D4389F}.Debug|x64.ActiveCfg = Debug|x64
		{916FECB8-76F6-3045-B4E5-B7A441D4389F}.Debug|x64.Build.0 = Debug|x64
		{916FECB8-76F6-3045-B4E5-B7A441D4389F}.MinSizeRel|x64.ActiveCfg = MinSizeRel|x64
		{916FECB8-76F6-3045-B4E5-B7A441D4389F}.MinSizeRel|x64.Build.0 = MinSizeRel|x64
		{916FECB8-76F6-3045-B4E5-B7A441D4389F}.Release|x64.ActiveCfg = Release|x64
		{916FECB8-76F6-3045-B4E5-B7A441D4389F}.Release|x64.Build.0 = Release|x64
		{916FECB8-76F6-3045-B4E5-B7A441D4389F}.RelWithDebInfo|x64.ActiveCfg = RelWithDebInfo|x64
		{916FECB8-76F6-3045-B4E5-B7A441D4389F}.RelWithDebInfo|x64.Build.0 = RelWithDebInfo|x64
		{ACB1838E-5C8D-3E6C-AB97-9B7AAF81DAC7}.Debug|x64.ActiveCfg = Debug|x64
		{ACB1838E-5C8D-3E6C-AB97-9B7AAF81DAC7}.Debug|x64.Build.0 = Debug|x64
		{ACB1838E-5C8D-3E6C-AB97-9B7AAF81DAC7}.MinSizeRel|x64.ActiveCfg = MinSizeRel|x64
		{ACB1838E-5C8D-3E6C-AB97-9B7AAF81DAC7}.MinSizeRel|x64.Build.0 = MinSizeRel|x64
		{ACB1838E-5C8D-3E6C-AB97-9B7AAF81DAC7}.Release|x64.ActiveCfg = Release|x64
		{ACB1838E-5C8D-3E6C-AB97-9B7AAF81DAC7}.Release|x64.Build.0 = Release|x64
		{ACB1838E-5C8D-3E6C-AB97-9B7AAF81DAC7}.RelWithDebInfo|x64.ActiveCfg = RelWithDebInfo|x64
		{ACB1838E-5C8D-3E6C-AB97-9B7AAF81DAC7}.RelWithDebInfo|x64.Build.0 = RelWithDebInfo|x64
	EndGlobalSection
	GlobalSection(SolutionProperties) = preSolution
		HideSolutionNode = FALSE
	EndGlobalSection
	GlobalSection(ExtensibilityGlobals) = postSolution
		SolutionGuid = {ED4E71FC-D198-45B8-B391-D949503A13CA}
	EndGlobalSection
EndGlobal
