Microsoft Visual Studio Solution File, Format Version 12.00
# Visual Studio Version 17
VisualStudioVersion = 17.1.32407.343
MinimumVisualStudioVersion = 10.0.40219.1
Project("{2150E333-8FDC-42A3-9474-1A3956D46DE8}") = "Solution Items", "Solution Items", "{304AAB49-EF9B-4B22-8957-2B3FD8113F10}"
	ProjectSection(SolutionItems) = preProject
		.gitignore = .gitignore
		.gitmodules = .gitmodules
		dnn\build.cmd = dnn\build.cmd
		build.cmd = build.cmd
		dnn\build.sh = dnn\build.sh
		dnn\CMakeLists.txt = dnn\CMakeLists.txt
		Directory.Build.props = Directory.Build.props
		ScriptsDialog\ScriptsDialog\global.json = ScriptsDialog\ScriptsDialog\global.json
		README.md = README.md
	EndProjectSection
EndProject
Project("{9A19103F-16F7-4668-BE54-9A1E7A4F7556}") = "Convnet", "Convnet\Convnet.csproj", "{40182BB0-5B98-4929-8E16-A55BE0FB5CF3}"
EndProject
Project("{9A19103F-16F7-4668-BE54-9A1E7A4F7556}") = "Scripts", "Scripts\Scripts.csproj", "{B6F8452A-4C8F-4356-8C0E-16C57B76CAF6}"
EndProject
Project("{8BC9CEB8-8B4A-11D0-8D11-00A0C91BC942}") = "dnn", "dnn\build\dnn.vcxproj", "{7E97B745-2776-318C-A808-8F3B74C44703}"
EndProject
Project("{8BC9CEB8-8B4A-11D0-8D11-00A0C91BC942}") = "test", "dnn\build\test.vcxproj", "{EC8ABCDC-495A-3662-8319-4E4921F4C7FA}"
EndProject
Global
	GlobalSection(SolutionConfigurationPlatforms) = preSolution
		Debug|x64 = Debug|x64
		Release|x64 = Release|x64
	EndGlobalSection
	GlobalSection(ProjectConfigurationPlatforms) = postSolution
		{40182BB0-5B98-4929-8E16-A55BE0FB5CF3}.Debug|x64.ActiveCfg = Debug|x64
		{40182BB0-5B98-4929-8E16-A55BE0FB5CF3}.Debug|x64.Build.0 = Debug|x64
		{40182BB0-5B98-4929-8E16-A55BE0FB5CF3}.Release|x64.ActiveCfg = Release|x64
		{40182BB0-5B98-4929-8E16-A55BE0FB5CF3}.Release|x64.Build.0 = Release|x64
		{B6F8452A-4C8F-4356-8C0E-16C57B76CAF6}.Debug|x64.ActiveCfg = Debug|x64
		{B6F8452A-4C8F-4356-8C0E-16C57B76CAF6}.Debug|x64.Build.0 = Debug|x64
		{B6F8452A-4C8F-4356-8C0E-16C57B76CAF6}.Release|x64.ActiveCfg = Release|x64
		{B6F8452A-4C8F-4356-8C0E-16C57B76CAF6}.Release|x64.Build.0 = Release|x64
		{7E97B745-2776-318C-A808-8F3B74C44703}.Debug|x64.ActiveCfg = Debug|x64
		{7E97B745-2776-318C-A808-8F3B74C44703}.Debug|x64.Build.0 = Debug|x64
		{7E97B745-2776-318C-A808-8F3B74C44703}.Release|x64.ActiveCfg = Release|x64
		{7E97B745-2776-318C-A808-8F3B74C44703}.Release|x64.Build.0 = Release|x64
		{EC8ABCDC-495A-3662-8319-4E4921F4C7FA}.Debug|x64.ActiveCfg = Debug|x64
		{EC8ABCDC-495A-3662-8319-4E4921F4C7FA}.Debug|x64.Build.0 = Debug|x64
		{EC8ABCDC-495A-3662-8319-4E4921F4C7FA}.Release|x64.ActiveCfg = Release|x64
		{EC8ABCDC-495A-3662-8319-4E4921F4C7FA}.Release|x64.Build.0 = Release|x64
	EndGlobalSection
	GlobalSection(SolutionProperties) = preSolution
		HideSolutionNode = FALSE
	EndGlobalSection
	GlobalSection(ExtensibilityGlobals) = postSolution
		SolutionGuid = {ED4E71FC-D198-45B8-B391-D949503A13CA}
	EndGlobalSection
EndGlobal
