<?xml version="1.0" encoding="utf-8"?>
<Project ToolsVersion="4.0" xmlns="http://schemas.microsoft.com/developer/msbuild/2003">
  <ItemGroup>
    <Filter Include="Header Files">
      <UniqueIdentifier>{93995380-89BD-4b04-88EB-625FBE52EBFB}</UniqueIdentifier>
      <Extensions>h;hh;hpp;hxx;hm;inl;inc;xsd</Extensions>
    </Filter>
    <Filter Include="Source Files">
      <UniqueIdentifier>{4FC737F1-C7A5-4376-A066-2A32D752A2FF}</UniqueIdentifier>
      <Extensions>cpp;c;cc;cxx;def;odl;idl;hpj;bat;asm;asmx</Extensions>
    </Filter>
  </ItemGroup>
  <ItemGroup>
    <ClInclude Include="include\AvgPooling.h">
      <Filter>Header Files</Filter>
    </ClInclude>
    <ClInclude Include="include\Convolution.h">
      <Filter>Header Files</Filter>
    </ClInclude>
    <ClInclude Include="include\Concat.h">
      <Filter>Header Files</Filter>
    </ClInclude>
    <ClInclude Include="include\Dense.h">
      <Filter>Header Files</Filter>
    </ClInclude>
    <ClInclude Include="include\Dropout.h">
      <Filter>Header Files</Filter>
    </ClInclude>
    <ClInclude Include="include\GlobalAvgPooling.h">
      <Filter>Header Files</Filter>
    </ClInclude>
    <ClInclude Include="include\Input.h">
      <Filter>Header Files</Filter>
    </ClInclude>
    <ClInclude Include="include\MaxPooling.h">
      <Filter>Header Files</Filter>
    </ClInclude>
    <ClInclude Include="include\Image.h">
      <Filter>Header Files</Filter>
    </ClInclude>
    <ClInclude Include="include\Cost.h">
      <Filter>Header Files</Filter>
    </ClInclude>
    <ClInclude Include="include\Activation.h">
      <Filter>Header Files</Filter>
    </ClInclude>
    <ClInclude Include="include\stdafx.h">
      <Filter>Header Files</Filter>
    </ClInclude>
    <ClInclude Include="include\targetver.h">
      <Filter>Header Files</Filter>
    </ClInclude>
    <ClInclude Include="include\Utils.h">
      <Filter>Header Files</Filter>
    </ClInclude>
    <ClInclude Include="include\BatchNorm.h">
      <Filter>Header Files</Filter>
    </ClInclude>
    <ClInclude Include="include\ConvolutionTranspose.h">
      <Filter>Header Files</Filter>
    </ClInclude>
    <ClInclude Include="include\GlobalMaxPooling.h">
      <Filter>Header Files</Filter>
    </ClInclude>
    <ClInclude Include="include\Add.h">
      <Filter>Header Files</Filter>
    </ClInclude>
    <ClInclude Include="include\DepthwiseConvolution.h">
      <Filter>Header Files</Filter>
    </ClInclude>
    <ClInclude Include="include\AlignedAllocator.h">
      <Filter>Header Files</Filter>
    </ClInclude>
    <ClInclude Include="include\ParallelFor.h">
      <Filter>Header Files</Filter>
    </ClInclude>
    <ClInclude Include="include\Substract.h">
      <Filter>Header Files</Filter>
    </ClInclude>
    <ClInclude Include="include\Divide.h">
      <Filter>Header Files</Filter>
    </ClInclude>
    <ClInclude Include="include\ChannelZeroPad.h">
      <Filter>Header Files</Filter>
    </ClInclude>
    <ClInclude Include="include\Average.h">
      <Filter>Header Files</Filter>
    </ClInclude>
    <ClInclude Include="include\BatchNormRelu.h">
      <Filter>Header Files</Filter>
    </ClInclude>
    <ClInclude Include="include\Layer.h">
      <Filter>Header Files</Filter>
    </ClInclude>
    <ClInclude Include="include\LocalResponseNorm.h">
      <Filter>Header Files</Filter>
    </ClInclude>
    <ClInclude Include="include\Shuffle.h">
      <Filter>Header Files</Filter>
    </ClInclude>
    <ClInclude Include="include\Resampling.h">
      <Filter>Header Files</Filter>
    </ClInclude>
    <ClInclude Include="include\PartialDepthwiseConvolution.h">
      <Filter>Header Files</Filter>
    </ClInclude>
    <ClInclude Include="include\ChannelSplit.h">
      <Filter>Header Files</Filter>
    </ClInclude>
    <ClInclude Include="include\Min.h">
      <Filter>Header Files</Filter>
    </ClInclude>
    <ClInclude Include="include\Max.h">
      <Filter>Header Files</Filter>
    </ClInclude>
    <ClInclude Include="include\Dataprovider.h">
      <Filter>Header Files</Filter>
    </ClInclude>
    <ClInclude Include="include\Scripts.h">
      <Filter>Header Files</Filter>
    </ClInclude>
    <ClInclude Include="include\Model.h">
      <Filter>Header Files</Filter>
    </ClInclude>
    <ClInclude Include="include\Definition.h">
      <Filter>Header Files</Filter>
    </ClInclude>
    <ClInclude Include="include\LayerNorm.h">
      <Filter>Header Files</Filter>
    </ClInclude>
    <ClInclude Include="include\LogSoftmax.h">
      <Filter>Header Files</Filter>
    </ClInclude>
    <ClInclude Include="include\Softmax.h">
      <Filter>Header Files</Filter>
    </ClInclude>
    <ClInclude Include="include\PRelu.h">
      <Filter>Header Files</Filter>
    </ClInclude>
    <ClInclude Include="include\BatchNormActivation.h">
      <Filter>Header Files</Filter>
    </ClInclude>
    <ClInclude Include="include\BatchNormActivationDropout.h">
      <Filter>Header Files</Filter>
    </ClInclude>
    <ClInclude Include="include\CsvFile.h">
      <Filter>Header Files</Filter>
    </ClInclude>
    <ClInclude Include="include\GroupNorm.h">
      <Filter>Header Files</Filter>
    </ClInclude>
    <ClInclude Include="include\ChannelSplitRatioLeft.h">
      <Filter>Header Files</Filter>
    </ClInclude>
    <ClInclude Include="include\ChannelSplitRatioRight.h">
      <Filter>Header Files</Filter>
    </ClInclude>
    <ClInclude Include="include\Reduction.h">
      <Filter>Header Files</Filter>
    </ClInclude>
    <ClInclude Include="include\Multiply.h">
      <Filter>Header Files</Filter>
    </ClInclude>
  </ItemGroup>
  <ItemGroup>
    <ClCompile Include="src\dllmain.cpp">
      <Filter>Source Files</Filter>
    </ClCompile>
    <ClCompile Include="src\stdafx.cpp">
      <Filter>Source Files</Filter>
    </ClCompile>
  </ItemGroup>
</Project>