Microsoft Visual Studio Solution File, Format Version 12.00
# Visual Studio Version 17
VisualStudioVersion = 17.5.2.0
MinimumVisualStudioVersion = 10.0.40219.1
Project("{FAE04EC0-301F-11D3-BF4B-00C04F79EFBC}") = "Convnet", "Convnet.csproj", "{26114CAC-B34F-E18B-95F7-8823B6B7E798}"
EndProject
Global
	GlobalSection(SolutionConfigurationPlatforms) = preSolution
		Debug|Any CPU = Debug|Any CPU
		Release|Any CPU = Release|Any CPU
	EndGlobalSection
	GlobalSection(ProjectConfigurationPlatforms) = postSolution
		{26114CAC-B34F-E18B-95F7-8823B6B7E798}.Debug|Any CPU.ActiveCfg = Debug|Any CPU
		{26114CAC-B34F-E18B-95F7-8823B6B7E798}.Debug|Any CPU.Build.0 = Debug|Any CPU
		{26114CAC-B34F-E18B-95F7-8823B6B7E798}.Release|Any CPU.ActiveCfg = Release|Any CPU
		{26114CAC-B34F-E18B-95F7-8823B6B7E798}.Release|Any CPU.Build.0 = Release|Any CPU
	EndGlobalSection
	GlobalSection(SolutionProperties) = preSolution
		HideSolutionNode = FALSE
	EndGlobalSection
	GlobalSection(ExtensibilityGlobals) = postSolution
		SolutionGuid = {CB37B13C-127D-4904-94C3-FE1FAB235B12}
	EndGlobalSection
EndGlobal
